{
    "version": 3,
    "terraform_version": "0.8.8",
    "serial": 6,
    "lineage": "cd465aff-5aa4-4502-a232-c2dad879de85",
    "modules": [
        {
            "path": [
                "root"
            ],
            "outputs": {},
            "resources": {
                "aws_db_instance.tacoappdb": {
                    "type": "aws_db_instance",
                    "depends_on": [],
                    "primary": {
                        "id": "tf-004ca4bc2d65c3834a659eae5c",
                        "attributes": {
                            "address": "tf-004ca4bc2d65c3834a659eae5c.chgcsloupjp3.ap-southeast-1.rds.amazonaws.com",
                            "allocated_storage": "5",
                            "arn": "arn:aws:rds:ap-southeast-1:988273431118:db:tf-004ca4bc2d65c3834a659eae5c",
                            "auto_minor_version_upgrade": "true",
                            "availability_zone": "ap-southeast-1a",
                            "backup_retention_period": "0",
                            "backup_window": "15:49-16:19",
                            "copy_tags_to_snapshot": "false",
                            "db_subnet_group_name": "default",
                            "endpoint": "tf-004ca4bc2d65c3834a659eae5c.chgcsloupjp3.ap-southeast-1.rds.amazonaws.com:5432",
                            "engine": "postgres",
                            "engine_version": "9.5.4",
                            "hosted_zone_id": "Z2G0U3KFCY8NZ5",
                            "id": "tf-004ca4bc2d65c3834a659eae5c",
                            "identifier": "tf-004ca4bc2d65c3834a659eae5c",
                            "instance_class": "db.t2.micro",
                            "iops": "0",
                            "kms_key_id": "",
                            "license_model": "postgresql-license",
                            "maintenance_window": "sun:21:17-sun:21:47",
                            "monitoring_interval": "0",
                            "multi_az": "false",
                            "name": "tacoappdb",
                            "option_group_name": "default:postgres-9-5",
                            "parameter_group_name": "default.postgres9.5",
                            "password": "password",
                            "port": "5432",
                            "publicly_accessible": "false",
                            "replicas.#": "0",
                            "replicate_source_db": "",
                            "security_group_names.#": "0",
                            "skip_final_snapshot": "true",
                            "status": "available",
                            "storage_encrypted": "false",
                            "storage_type": "gp2",
                            "tags.%": "0",
                            "timezone": "",
                            "username": "root",
                            "vpc_security_group_ids.#": "1",
                            "vpc_security_group_ids.2447870039": "sg-21771546"
                        },
                        "meta": {},
                        "tainted": false
                    },
                    "deposed": [],
                    "provider": ""
                },
                "aws_elastic_beanstalk_application.tacoapp": {
                    "type": "aws_elastic_beanstalk_application",
                    "depends_on": [],
                    "primary": {
                        "id": "tacoapp",
                        "attributes": {
                            "description": "a basic CRUD application for storing tacos",
                            "id": "tacoapp",
                            "name": "tacoapp"
                        },
                        "meta": {},
                        "tainted": false
                    },
                    "deposed": [],
                    "provider": ""
                },
                "aws_elastic_beanstalk_configuration_template.tacoapp-config-template": {
                    "type": "aws_elastic_beanstalk_configuration_template",
                    "depends_on": [
                        "aws_elastic_beanstalk_application.tacoapp"
                    ],
                    "primary": {
                        "id": "tacoapp-template-config",
                        "attributes": {
                            "application": "tacoapp",
                            "description": "",
                            "id": "tacoapp-template-config",
                            "name": "tacoapp-template-config",
                            "setting.#": "0",
                            "solution_stack_name": "64bit Amazon Linux 2016.09 v4.0.0 running Node.js"
                        },
                        "meta": {},
                        "tainted": false
                    },
                    "deposed": [],
                    "provider": ""
                },
                "aws_elastic_beanstalk_environment.tacoapp-env": {
                    "type": "aws_elastic_beanstalk_environment",
                    "depends_on": [
                        "aws_elastic_beanstalk_application.tacoapp"
                    ],
                    "primary": {
                        "id": "e-qrbyjb8qti",
                        "attributes": {
                            "all_settings.#": "99",
                            "all_settings.1034592916.name": "ImageId",
                            "all_settings.1034592916.namespace": "aws:autoscaling:launchconfiguration",
                            "all_settings.1034592916.resource": "",
                            "all_settings.1034592916.value": "ami-22e25141",
                            "all_settings.1036703857.name": "EvaluationPeriods",
                            "all_settings.1036703857.namespace": "aws:autoscaling:trigger",
                            "all_settings.1036703857.resource": "",
                            "all_settings.1036703857.value": "1",
                            "all_settings.1055035439.name": "RootVolumeType",
                            "all_settings.1055035439.namespace": "aws:autoscaling:launchconfiguration",
                            "all_settings.1055035439.resource": "",
                            "all_settings.1055035439.value": "",
                            "all_settings.1093784765.name": "ListenerProtocol",
                            "all_settings.1093784765.namespace": "aws:elb:listener:80",
                            "all_settings.1093784765.resource": "",
                            "all_settings.1093784765.value": "HTTP",
                            "all_settings.1105127146.name": "LoadBalancerPortProtocol",
                            "all_settings.1105127146.namespace": "aws:elb:loadbalancer",
                            "all_settings.1105127146.resource": "",
                            "all_settings.1105127146.value": "HTTP",
                            "all_settings.1148368735.name": "ConnectionDrainingEnabled",
                            "all_settings.1148368735.namespace": "aws:elb:policies",
                            "all_settings.1148368735.resource": "",
                            "all_settings.1148368735.value": "false",
                            "all_settings.1225551841.name": "Availability Zones",
                            "all_settings.1225551841.namespace": "aws:autoscaling:asg",
                            "all_settings.1225551841.resource": "",
                            "all_settings.1225551841.value": "Any",
                            "all_settings.1312309504.name": "MinInstancesInService",
                            "all_settings.1312309504.namespace": "aws:autoscaling:updatepolicy:rollingupdate",
                            "all_settings.1312309504.resource": "",
                            "all_settings.1312309504.value": "",
                            "all_settings.1384328253.name": "ELBScheme",
                            "all_settings.1384328253.namespace": "aws:ec2:vpc",
                            "all_settings.1384328253.resource": "",
                            "all_settings.1384328253.value": "public",
                            "all_settings.1413020927.name": "ConfigDocument",
                            "all_settings.1413020927.namespace": "aws:elasticbeanstalk:healthreporting:system",
                            "all_settings.1413020927.resource": "",
                            "all_settings.1413020927.value": "{\"Version\":1,\"CloudWatchMetrics\":{\"Instance\":{\"CPUIrq\":null,\"LoadAverage5min\":null,\"ApplicationRequests5xx\":null,\"ApplicationRequests4xx\":null,\"CPUUser\":null,\"LoadAverage1min\":null,\"ApplicationLatencyP50\":null,\"CPUIdle\":null,\"InstanceHealth\":null,\"ApplicationLatencyP95\":null,\"ApplicationLatencyP85\":null,\"RootFilesystemUtil\":null,\"ApplicationLatencyP90\":null,\"CPUSystem\":null,\"ApplicationLatencyP75\":null,\"CPUSoftirq\":null,\"ApplicationLatencyP10\":null,\"ApplicationLatencyP99\":null,\"ApplicationRequestsTotal\":null,\"ApplicationLatencyP99.9\":null,\"ApplicationRequests3xx\":null,\"ApplicationRequests2xx\":null,\"CPUIowait\":null,\"CPUNice\":null},\"Environment\":{\"InstancesSevere\":null,\"InstancesDegraded\":null,\"ApplicationRequests5xx\":null,\"ApplicationRequests4xx\":null,\"ApplicationLatencyP50\":null,\"ApplicationLatencyP95\":null,\"ApplicationLatencyP85\":null,\"InstancesUnknown\":null,\"ApplicationLatencyP90\":null,\"InstancesInfo\":null,\"InstancesPending\":null,\"ApplicationLatencyP75\":null,\"ApplicationLatencyP10\":null,\"ApplicationLatencyP99\":null,\"ApplicationRequestsTotal\":null,\"InstancesNoData\":null,\"ApplicationLatencyP99.9\":null,\"ApplicationRequests3xx\":null,\"ApplicationRequests2xx\":null,\"InstancesOk\":null,\"InstancesWarning\":null}}}",
                            "all_settings.1418450284.name": "AssociatePublicIpAddress",
                            "all_settings.1418450284.namespace": "aws:ec2:vpc",
                            "all_settings.1418450284.resource": "",
                            "all_settings.1418450284.value": "",
                            "all_settings.1487137936.name": "IgnoreHealthCheck",
                            "all_settings.1487137936.namespace": "aws:elasticbeanstalk:command",
                            "all_settings.1487137936.resource": "",
                            "all_settings.1487137936.value": "false",
                            "all_settings.1539976252.name": "ListenerEnabled",
                            "all_settings.1539976252.namespace": "aws:elb:listener:80",
                            "all_settings.1539976252.resource": "",
                            "all_settings.1539976252.value": "true",
                            "all_settings.1584820072.name": "Custom Availability Zones",
                            "all_settings.1584820072.namespace": "aws:autoscaling:asg",
                            "all_settings.1584820072.resource": "",
                            "all_settings.1584820072.value": "",
                            "all_settings.1709622552.name": "LoadBalancerSSLPortProtocol",
                            "all_settings.1709622552.namespace": "aws:elb:loadbalancer",
                            "all_settings.1709622552.resource": "",
                            "all_settings.1709622552.value": "HTTPS",
                            "all_settings.1824390401.name": "Notification Topic ARN",
                            "all_settings.1824390401.namespace": "aws:elasticbeanstalk:sns:topics",
                            "all_settings.1824390401.resource": "",
                            "all_settings.1824390401.value": "",
                            "all_settings.1835511052.name": "SSLCertificateId",
                            "all_settings.1835511052.namespace": "aws:elb:listener:80",
                            "all_settings.1835511052.resource": "",
                            "all_settings.1835511052.value": "",
                            "all_settings.1839941942.name": "BlockDeviceMappings",
                            "all_settings.1839941942.namespace": "aws:autoscaling:launchconfiguration",
                            "all_settings.1839941942.resource": "",
                            "all_settings.1839941942.value": "",
                            "all_settings.1853127076.name": "Notification Endpoint",
                            "all_settings.1853127076.namespace": "aws:elasticbeanstalk:sns:topics",
                            "all_settings.1853127076.resource": "",
                            "all_settings.1853127076.value": "",
                            "all_settings.1932615024.name": "UnhealthyThreshold",
                            "all_settings.1932615024.namespace": "aws:elb:healthcheck",
                            "all_settings.1932615024.resource": "",
                            "all_settings.1932615024.value": "5",
                            "all_settings.2071927441.name": "ELBSubnets",
                            "all_settings.2071927441.namespace": "aws:ec2:vpc",
                            "all_settings.2071927441.resource": "",
                            "all_settings.2071927441.value": "",
                            "all_settings.2145095834.name": "InstanceProtocol",
                            "all_settings.2145095834.namespace": "aws:elb:listener:80",
                            "all_settings.2145095834.resource": "",
                            "all_settings.2145095834.value": "HTTP",
                            "all_settings.2207777926.name": "StreamLogs",
                            "all_settings.2207777926.namespace": "aws:elasticbeanstalk:cloudwatch:logs",
                            "all_settings.2207777926.resource": "",
                            "all_settings.2207777926.value": "false",
                            "all_settings.2210680385.name": "LaunchType",
                            "all_settings.2210680385.namespace": "aws:elasticbeanstalk:control",
                            "all_settings.2210680385.resource": "",
                            "all_settings.2210680385.value": "Migration",
                            "all_settings.2291226728.name": "InstanceType",
                            "all_settings.2291226728.namespace": "aws:autoscaling:launchconfiguration",
                            "all_settings.2291226728.resource": "",
                            "all_settings.2291226728.value": "t1.micro",
                            "all_settings.2308210129.name": "Subnets",
                            "all_settings.2308210129.namespace": "aws:ec2:vpc",
                            "all_settings.2308210129.resource": "",
                            "all_settings.2308210129.value": "",
                            "all_settings.2378924418.name": "PreferredStartTime",
                            "all_settings.2378924418.namespace": "aws:elasticbeanstalk:managedactions",
                            "all_settings.2378924418.resource": "",
                            "all_settings.2378924418.value": "",
                            "all_settings.2396587397.name": "MinSize",
                            "all_settings.2396587397.namespace": "aws:autoscaling:asg",
                            "all_settings.2396587397.resource": "",
                            "all_settings.2396587397.value": "1",
                            "all_settings.2402433859.name": "Period",
                            "all_settings.2402433859.namespace": "aws:autoscaling:trigger",
                            "all_settings.2402433859.resource": "",
                            "all_settings.2402433859.value": "5",
                            "all_settings.240742627.name": "UpperBreachScaleIncrement",
                            "all_settings.240742627.namespace": "aws:autoscaling:trigger",
                            "all_settings.240742627.resource": "",
                            "all_settings.240742627.value": "1",
                            "all_settings.2492456712.name": "LogPublicationControl",
                            "all_settings.2492456712.namespace": "aws:elasticbeanstalk:hostmanager",
                            "all_settings.2492456712.resource": "",
                            "all_settings.2492456712.value": "false",
                            "all_settings.2521334252.name": "InstanceRefreshEnabled",
                            "all_settings.2521334252.namespace": "aws:elasticbeanstalk:managedactions:platformupdate",
                            "all_settings.2521334252.resource": "",
                            "all_settings.2521334252.value": "false",
                            "all_settings.2542474489.name": "LoadBalancerType",
                            "all_settings.2542474489.namespace": "aws:elasticbeanstalk:environment",
                            "all_settings.2542474489.resource": "",
                            "all_settings.2542474489.value": "classic",
                            "all_settings.2558821935.name": "PauseTime",
                            "all_settings.2558821935.namespace": "aws:autoscaling:updatepolicy:rollingupdate",
                            "all_settings.2558821935.resource": "",
                            "all_settings.2558821935.value": "",
                            "all_settings.2578083670.name": "InstancePort",
                            "all_settings.2578083670.namespace": "aws:cloudformation:template:parameter",
                            "all_settings.2578083670.resource": "",
                            "all_settings.2578083670.value": "80",
                            "all_settings.26531568.name": "GzipCompression",
                            "all_settings.26531568.namespace": "aws:elasticbeanstalk:container:nodejs",
                            "all_settings.26531568.resource": "",
                            "all_settings.26531568.value": "true",
                            "all_settings.2733552204.name": "AppSource",
                            "all_settings.2733552204.namespace": "aws:cloudformation:template:parameter",
                            "all_settings.2733552204.resource": "",
                            "all_settings.2733552204.value": "http://s3-ap-southeast-1.amazonaws.com/elasticbeanstalk-samples-ap-southeast-1/nodejs-sample-v2.zip",
                            "all_settings.2758979163.name": "NodeCommand",
                            "all_settings.2758979163.namespace": "aws:elasticbeanstalk:container:nodejs",
                            "all_settings.2758979163.resource": "",
                            "all_settings.2758979163.value": "",
                            "all_settings.2824564098.name": "RollingUpdateType",
                            "all_settings.2824564098.namespace": "aws:autoscaling:updatepolicy:rollingupdate",
                            "all_settings.2824564098.resource": "",
                            "all_settings.2824564098.value": "Time",
                            "all_settings.28260639.name": "Application Healthcheck URL",
                            "all_settings.28260639.namespace": "aws:elasticbeanstalk:application",
                            "all_settings.28260639.resource": "",
                            "all_settings.28260639.value": "",
                            "all_settings.2827474164.name": "ConnectionSettingIdleTimeout",
                            "all_settings.2827474164.namespace": "aws:elb:policies",
                            "all_settings.2827474164.resource": "",
                            "all_settings.2827474164.value": "60",
                            "all_settings.285213017.name": "PolicyNames",
                            "all_settings.285213017.namespace": "aws:elb:listener:80",
                            "all_settings.285213017.resource": "",
                            "all_settings.285213017.value": "",
                            "all_settings.2857035845.name": "EnvironmentVariables",
                            "all_settings.2857035845.namespace": "aws:cloudformation:template:parameter",
                            "all_settings.2857035845.resource": "",
                            "all_settings.2857035845.value": "",
                            "all_settings.2929485696.name": "EnvironmentType",
                            "all_settings.2929485696.namespace": "aws:elasticbeanstalk:environment",
                            "all_settings.2929485696.resource": "",
                            "all_settings.2929485696.value": "LoadBalanced",
                            "all_settings.304444642.name": "ConnectionDrainingTimeout",
                            "all_settings.304444642.namespace": "aws:elb:policies",
                            "all_settings.304444642.resource": "",
                            "all_settings.304444642.value": "20",
                            "all_settings.3140122831.name": "NodeStaticFiles",
                            "all_settings.3140122831.namespace": "aws:cloudformation:template:parameter",
                            "all_settings.3140122831.resource": "",
                            "all_settings.3140122831.value": "",
                            "all_settings.3155971439.name": "ProxyServer",
                            "all_settings.3155971439.namespace": "aws:elasticbeanstalk:container:nodejs",
                            "all_settings.3155971439.resource": "",
                            "all_settings.3155971439.value": "nginx",
                            "all_settings.3163218702.name": "Interval",
                            "all_settings.3163218702.namespace": "aws:elb:healthcheck",
                            "all_settings.3163218702.resource": "",
                            "all_settings.3163218702.value": "10",
                            "all_settings.3243179558.name": "ExternalExtensionsS3Key",
                            "all_settings.3243179558.namespace": "aws:elasticbeanstalk:environment",
                            "all_settings.3243179558.resource": "",
                            "all_settings.3243179558.value": "",
                            "all_settings.3263411188.name": "RootVolumeIOPS",
                            "all_settings.3263411188.namespace": "aws:autoscaling:launchconfiguration",
                            "all_settings.3263411188.resource": "",
                            "all_settings.3263411188.value": "",
                            "all_settings.3305636593.name": "UpperThreshold",
                            "all_settings.3305636593.namespace": "aws:autoscaling:trigger",
                            "all_settings.3305636593.resource": "",
                            "all_settings.3305636593.value": "6000000",
                            "all_settings.3310384179.name": "ServiceRole",
                            "all_settings.3310384179.namespace": "aws:elasticbeanstalk:environment",
                            "all_settings.3310384179.resource": "",
                            "all_settings.3310384179.value": "",
                            "all_settings.3334874421.name": "RollingUpdateEnabled",
                            "all_settings.3334874421.namespace": "aws:autoscaling:updatepolicy:rollingupdate",
                            "all_settings.3334874421.resource": "",
                            "all_settings.3334874421.value": "false",
                            "all_settings.3354438189.name": "Timeout",
                            "all_settings.3354438189.namespace": "aws:autoscaling:updatepolicy:rollingupdate",
                            "all_settings.3354438189.resource": "",
                            "all_settings.3354438189.value": "PT30M",
                            "all_settings.3396910454.name": "HealthCheckSuccessThreshold",
                            "all_settings.3396910454.namespace": "aws:elasticbeanstalk:healthreporting:system",
                            "all_settings.3396910454.resource": "",
                            "all_settings.3396910454.value": "Ok",
                            "all_settings.3402994671.name": "Statistic",
                            "all_settings.3402994671.namespace": "aws:autoscaling:trigger",
                            "all_settings.3402994671.resource": "",
                            "all_settings.3402994671.value": "Average",
                            "all_settings.3438018982.name": "MonitoringInterval",
                            "all_settings.3438018982.namespace": "aws:autoscaling:launchconfiguration",
                            "all_settings.3438018982.resource": "",
                            "all_settings.3438018982.value": "5 minute",
                            "all_settings.3450082806.name": "DeleteOnTerminate",
                            "all_settings.3450082806.namespace": "aws:elasticbeanstalk:cloudwatch:logs",
                            "all_settings.3450082806.resource": "",
                            "all_settings.3450082806.value": "false",
                            "all_settings.3496875314.name": "LowerThreshold",
                            "all_settings.3496875314.namespace": "aws:autoscaling:trigger",
                            "all_settings.3496875314.resource": "",
                            "all_settings.3496875314.value": "2000000",
                            "all_settings.3502087315.name": "CrossZone",
                            "all_settings.3502087315.namespace": "aws:elb:loadbalancer",
                            "all_settings.3502087315.resource": "",
                            "all_settings.3502087315.value": "false",
                            "all_settings.3511459446.name": "RootVolumeSize",
                            "all_settings.3511459446.namespace": "aws:autoscaling:launchconfiguration",
                            "all_settings.3511459446.resource": "",
                            "all_settings.3511459446.value": "",
                            "all_settings.3545041252.name": "Unit",
                            "all_settings.3545041252.namespace": "aws:autoscaling:trigger",
                            "all_settings.3545041252.resource": "",
                            "all_settings.3545041252.value": "Bytes",
                            "all_settings.3578234322.name": "SystemType",
                            "all_settings.3578234322.namespace": "aws:elasticbeanstalk:healthreporting:system",
                            "all_settings.3578234322.resource": "",
                            "all_settings.3578234322.value": "basic",
                            "all_settings.3584475532.name": "Notification Topic Name",
                            "all_settings.3584475532.namespace": "aws:elasticbeanstalk:sns:topics",
                            "all_settings.3584475532.resource": "",
                            "all_settings.3584475532.value": "",
                            "all_settings.3603622424.name": "ManagedActionsEnabled",
                            "all_settings.3603622424.namespace": "aws:elasticbeanstalk:managedactions",
                            "all_settings.3603622424.resource": "",
                            "all_settings.3603622424.value": "false",
                            "all_settings.3615478791.name": "MaxBatchSize",
                            "all_settings.3615478791.namespace": "aws:autoscaling:updatepolicy:rollingupdate",
                            "all_settings.3615478791.resource": "",
                            "all_settings.3615478791.value": "",
                            "all_settings.3615826456.name": "ExternalExtensionsS3Bucket",
                            "all_settings.3615826456.namespace": "aws:elasticbeanstalk:environment",
                            "all_settings.3615826456.resource": "",
                            "all_settings.3615826456.value": "",
                            "all_settings.3648591417.name": "Cooldown",
                            "all_settings.3648591417.namespace": "aws:autoscaling:asg",
                            "all_settings.3648591417.resource": "",
                            "all_settings.3648591417.value": "360",
                            "all_settings.3665611509.name": "SecurityGroups",
                            "all_settings.3665611509.namespace": "aws:autoscaling:launchconfiguration",
                            "all_settings.3665611509.resource": "",
                            "all_settings.3665611509.value": "",
                            "all_settings.3705073300.name": "Notification Protocol",
                            "all_settings.3705073300.namespace": "aws:elasticbeanstalk:sns:topics",
                            "all_settings.3705073300.resource": "",
                            "all_settings.3705073300.value": "email",
                            "all_settings.3708017666.name": "LowerBreachScaleIncrement",
                            "all_settings.3708017666.namespace": "aws:autoscaling:trigger",
                            "all_settings.3708017666.resource": "",
                            "all_settings.3708017666.value": "-1",
                            "all_settings.3739434161.name": "IamInstanceProfile",
                            "all_settings.3739434161.namespace": "aws:autoscaling:launchconfiguration",
                            "all_settings.3739434161.resource": "",
                            "all_settings.3739434161.value": "",
                            "all_settings.3929976136.name": "BatchSize",
                            "all_settings.3929976136.namespace": "aws:elasticbeanstalk:command",
                            "all_settings.3929976136.resource": "",
                            "all_settings.3929976136.value": "100",
                            "all_settings.3949385854.name": "VPCId",
                            "all_settings.3949385854.namespace": "aws:ec2:vpc",
                            "all_settings.3949385854.resource": "",
                            "all_settings.3949385854.value": "",
                            "all_settings.3961867433.name": "SSLCertificateId",
                            "all_settings.3961867433.namespace": "aws:elb:loadbalancer",
                            "all_settings.3961867433.resource": "",
                            "all_settings.3961867433.value": "",
                            "all_settings.3981805791.name": "Automatically Terminate Unhealthy Instances",
                            "all_settings.3981805791.namespace": "aws:elasticbeanstalk:monitoring",
                            "all_settings.3981805791.resource": "",
                            "all_settings.3981805791.value": "true",
                            "all_settings.4020527343.name": "InstancePort",
                            "all_settings.4020527343.namespace": "aws:elb:listener:80",
                            "all_settings.4020527343.resource": "",
                            "all_settings.4020527343.value": "80",
                            "all_settings.4049442346.name": "MeasureName",
                            "all_settings.4049442346.namespace": "aws:autoscaling:trigger",
                            "all_settings.4049442346.resource": "",
                            "all_settings.4049442346.value": "NetworkOut",
                            "all_settings.4100247781.name": "BreachDuration",
                            "all_settings.4100247781.namespace": "aws:autoscaling:trigger",
                            "all_settings.4100247781.resource": "",
                            "all_settings.4100247781.value": "5",
                            "all_settings.4107770397.name": "Target",
                            "all_settings.4107770397.namespace": "aws:elb:healthcheck",
                            "all_settings.4107770397.resource": "",
                            "all_settings.4107770397.value": "TCP:80",
                            "all_settings.4136940953.name": "UpdateLevel",
                            "all_settings.4136940953.namespace": "aws:elasticbeanstalk:managedactions:platformupdate",
                            "all_settings.4136940953.resource": "",
                            "all_settings.4136940953.value": "",
                            "all_settings.4167503353.name": "LaunchTimeout",
                            "all_settings.4167503353.namespace": "aws:elasticbeanstalk:control",
                            "all_settings.4167503353.resource": "",
                            "all_settings.4167503353.value": "0",
                            "all_settings.4232919657.name": "SecurityGroups",
                            "all_settings.4232919657.namespace": "aws:elb:loadbalancer",
                            "all_settings.4232919657.resource": "",
                            "all_settings.4232919657.value": "",
                            "all_settings.4260323936.name": "ServerPort",
                            "all_settings.4260323936.namespace": "aws:cloudformation:template:parameter",
                            "all_settings.4260323936.resource": "",
                            "all_settings.4260323936.value": "8080",
                            "all_settings.4267362780.name": "Timeout",
                            "all_settings.4267362780.namespace": "aws:elb:healthcheck",
                            "all_settings.4267362780.resource": "",
                            "all_settings.4267362780.value": "5",
                            "all_settings.433110370.name": "DefaultSSHPort",
                            "all_settings.433110370.namespace": "aws:elasticbeanstalk:control",
                            "all_settings.433110370.resource": "",
                            "all_settings.433110370.value": "22",
                            "all_settings.502734328.name": "SSHSourceRestriction",
                            "all_settings.502734328.namespace": "aws:autoscaling:launchconfiguration",
                            "all_settings.502734328.resource": "",
                            "all_settings.502734328.value": "tcp,22,22,0.0.0.0/0",
                            "all_settings.548604222.name": "HooksPkgUrl",
                            "all_settings.548604222.namespace": "aws:cloudformation:template:parameter",
                            "all_settings.548604222.resource": "",
                            "all_settings.548604222.value": "https://s3-ap-southeast-1.amazonaws.com/elasticbeanstalk-env-resources-ap-southeast-1/stalks/eb_node_js_4.0.1.88.0/lib/hooks.tar.gz",
                            "all_settings.59521051.name": "HealthyThreshold",
                            "all_settings.59521051.namespace": "aws:elb:healthcheck",
                            "all_settings.59521051.resource": "",
                            "all_settings.59521051.value": "3",
                            "all_settings.621097682.name": "NodeVersion",
                            "all_settings.621097682.namespace": "aws:elasticbeanstalk:container:nodejs",
                            "all_settings.621097682.resource": "",
                            "all_settings.621097682.value": "6.10.0",
                            "all_settings.693650251.name": "MaxSize",
                            "all_settings.693650251.namespace": "aws:autoscaling:asg",
                            "all_settings.693650251.resource": "",
                            "all_settings.693650251.value": "4",
                            "all_settings.731293825.name": "LoadBalancerHTTPSPort",
                            "all_settings.731293825.namespace": "aws:elb:loadbalancer",
                            "all_settings.731293825.resource": "",
                            "all_settings.731293825.value": "OFF",
                            "all_settings.73845050.name": "XRayEnabled",
                            "all_settings.73845050.namespace": "aws:elasticbeanstalk:xray",
                            "all_settings.73845050.resource": "",
                            "all_settings.73845050.value": "false",
                            "all_settings.747815089.name": "BatchSizeType",
                            "all_settings.747815089.namespace": "aws:elasticbeanstalk:command",
                            "all_settings.747815089.resource": "",
                            "all_settings.747815089.value": "Percentage",
                            "all_settings.784312882.name": "LoadBalancerHTTPPort",
                            "all_settings.784312882.namespace": "aws:elb:loadbalancer",
                            "all_settings.784312882.resource": "",
                            "all_settings.784312882.value": "80",
                            "all_settings.881749867.name": "Timeout",
                            "all_settings.881749867.namespace": "aws:elasticbeanstalk:command",
                            "all_settings.881749867.resource": "",
                            "all_settings.881749867.value": "600",
                            "all_settings.934067176.name": "RetentionInDays",
                            "all_settings.934067176.namespace": "aws:elasticbeanstalk:cloudwatch:logs",
                            "all_settings.934067176.resource": "",
                            "all_settings.934067176.value": "7",
                            "all_settings.940069638.name": "RollbackLaunchOnFailure",
                            "all_settings.940069638.namespace": "aws:elasticbeanstalk:control",
                            "all_settings.940069638.resource": "",
                            "all_settings.940069638.value": "false",
                            "all_settings.944601845.name": "EC2KeyName",
                            "all_settings.944601845.namespace": "aws:autoscaling:launchconfiguration",
                            "all_settings.944601845.resource": "",
                            "all_settings.944601845.value": "tacoapp-aws-eb",
                            "application": "tacoapp",
                            "autoscaling_groups.#": "1",
                            "autoscaling_groups.0": "awseb-e-qrbyjb8qti-stack-AWSEBAutoScalingGroup-1HCAU3A7APL3P",
                            "cname": "tacoapp-env.q9y6dnyax7.ap-southeast-1.elasticbeanstalk.com",
                            "cname_prefix": "",
                            "description": "",
                            "id": "e-qrbyjb8qti",
                            "instances.#": "1",
                            "instances.0": "i-02ac9bb9cbf013024",
                            "launch_configurations.#": "1",
                            "launch_configurations.0": "awseb-e-qrbyjb8qti-stack-AWSEBAutoScalingLaunchConfiguration-1CGI3U9DQKVNZ",
                            "load_balancers.#": "1",
                            "load_balancers.0": "awseb-e-q-AWSEBLoa-1PHMK436YM2CC",
                            "name": "tacoapp-env",
                            "queues.#": "0",
                            "setting.#": "0",
                            "solution_stack_name": "64bit Amazon Linux 2016.09 v4.0.0 running Node.js",
                            "tier": "WebServer",
                            "triggers.#": "0",
                            "version_label": "app-f2e6-170331_060643",
                            "wait_for_ready_timeout": "10m"
                        },
                        "meta": {
                            "schema_version": "1"
                        },
                        "tainted": false
                    },
                    "deposed": [],
                    "provider": ""
                }
            },
            "depends_on": []
        }
    ]
}
